{
  "name": "tunit",
  "version": "1.0.0",
  "lockfileVersion": 1,
  "requires": true,
  "dependencies": {
    "@types/async": {
      "version": "3.0.2",
      "resolved": "https://registry.npm.taobao.org/@types/async/download/@types/async-3.0.2.tgz?cache=0&sync_timestamp=1569453738630&other_urls=https%3A%2F%2Fregistry.npm.taobao.org%2F%40types%2Fasync%2Fdownload%2F%40types%2Fasync-3.0.2.tgz",
      "integrity": "sha1-1MYaRWldHKcKx9BykEdw1OKrc+A=",
      "dev": true
    },
    "@types/node": {
      "version": "12.7.12",
      "resolved": "https://registry.npm.taobao.org/@types/node/download/@types/node-12.7.12.tgz",
      "integrity": "sha1-fGxXHMLz86xKWaXyvUj1vbyGU8w=",
      "dev": true
    },
    "async": {
      "version": "3.1.0",
      "resolved": "https://registry.npm.taobao.org/async/download/async-3.1.0.tgz",
      "integrity": "sha1-QrOxKuG3SSe1IX2MABa6r2JGN3I="
    }
  }
}
